
Microsoft Visual Studio Solution File, Format Version 12.00
# Visual Studio Version 17
VisualStudioVersion = 17.12.35506.116
MinimumVisualStudioVersion = 10.0.40219.1
Project("{2150E333-8FDC-42A3-9474-1A3956D46DE8}") = "Solution Items", "Solution Items", "{E386140B-FE4A-48D7-8DD9-341B28BB11F9}"
	ProjectSection(SolutionItems) = preProject
		.editorconfig = .editorconfig
		.gitignore = .gitignore
		game_dir.txt = game_dir.txt
	EndProjectSection
EndProject
Project("{FAE04EC0-301F-11D3-BF4B-00C04F79EFBC}") = "InfiniWaves", "InfiniWaves\InfiniWaves.csproj", "{E8762C20-413B-4A0F-A122-110A744BDC75}"
EndProject
Project("{FAE04EC0-301F-11D3-BF4B-00C04F79EFBC}") = "PowerThrow", "PowerThrow\PowerThrow.csproj", "{2FBB552C-5F58-4A9B-94A1-159F94938617}"
EndProject
Project("{FAE04EC0-301F-11D3-BF4B-00C04F79EFBC}") = "PowerWalk", "PowerWalk\PowerWalk.csproj", "{AAB6F32E-0737-4B04-BE07-9C577E798F04}"
EndProject
Project("{FAE04EC0-301F-11D3-BF4B-00C04F79EFBC}") = "PowerLift", "PowerLift\PowerLift.csproj", "{F85E91A3-6E68-44D0-87B5-8B78177E247B}"
EndProject
Global
	GlobalSection(SolutionConfigurationPlatforms) = preSolution
		Debug|Any CPU = Debug|Any CPU
		Release|Any CPU = Release|Any CPU
	EndGlobalSection
	GlobalSection(ProjectConfigurationPlatforms) = postSolution
		{E8762C20-413B-4A0F-A122-110A744BDC75}.Debug|Any CPU.ActiveCfg = Debug|Any CPU
		{E8762C20-413B-4A0F-A122-110A744BDC75}.Debug|Any CPU.Build.0 = Debug|Any CPU
		{E8762C20-413B-4A0F-A122-110A744BDC75}.Release|Any CPU.ActiveCfg = Release|Any CPU
		{E8762C20-413B-4A0F-A122-110A744BDC75}.Release|Any CPU.Build.0 = Release|Any CPU
		{2FBB552C-5F58-4A9B-94A1-159F94938617}.Debug|Any CPU.ActiveCfg = Debug|Any CPU
		{2FBB552C-5F58-4A9B-94A1-159F94938617}.Debug|Any CPU.Build.0 = Debug|Any CPU
		{2FBB552C-5F58-4A9B-94A1-159F94938617}.Release|Any CPU.ActiveCfg = Release|Any CPU
		{2FBB552C-5F58-4A9B-94A1-159F94938617}.Release|Any CPU.Build.0 = Release|Any CPU
		{AAB6F32E-0737-4B04-BE07-9C577E798F04}.Debug|Any CPU.ActiveCfg = Debug|Any CPU
		{AAB6F32E-0737-4B04-BE07-9C577E798F04}.Debug|Any CPU.Build.0 = Debug|Any CPU
		{AAB6F32E-0737-4B04-BE07-9C577E798F04}.Release|Any CPU.ActiveCfg = Release|Any CPU
		{AAB6F32E-0737-4B04-BE07-9C577E798F04}.Release|Any CPU.Build.0 = Release|Any CPU
		{F85E91A3-6E68-44D0-87B5-8B78177E247B}.Debug|Any CPU.ActiveCfg = Debug|Any CPU
		{F85E91A3-6E68-44D0-87B5-8B78177E247B}.Debug|Any CPU.Build.0 = Debug|Any CPU
		{F85E91A3-6E68-44D0-87B5-8B78177E247B}.Release|Any CPU.ActiveCfg = Release|Any CPU
		{F85E91A3-6E68-44D0-87B5-8B78177E247B}.Release|Any CPU.Build.0 = Release|Any CPU
	EndGlobalSection
	GlobalSection(SolutionProperties) = preSolution
		HideSolutionNode = FALSE
	EndGlobalSection
EndGlobal
